
Microsoft Visual Studio Solution File, Format Version 12.00
# Visual Studio Version 16
VisualStudioVersion = 16.0.31410.357
MinimumVisualStudioVersion = 10.0.40219.1
Project("{FAE04EC0-301F-11D3-BF4B-00C04F79EFBC}") = "MyFirtsRazorPagesApp", "MyFirtsRazorPagesApp\MyFirtsRazorPagesApp.csproj", "{7C1AEF49-3E41-47C5-99D8-374B2907C03B}"
EndProject
Global
	GlobalSection(SolutionConfigurationPlatforms) = preSolution
		Debug|Any CPU = Debug|Any CPU
		Release|Any CPU = Release|Any CPU
	EndGlobalSection
	GlobalSection(ProjectConfigurationPlatforms) = postSolution
		{7C1AEF49-3E41-47C5-99D8-374B2907C03B}.Debug|Any CPU.ActiveCfg = Debug|Any CPU
		{7C1AEF49-3E41-47C5-99D8-374B2907C03B}.Debug|Any CPU.Build.0 = Debug|Any CPU
		{7C1AEF49-3E41-47C5-99D8-374B2907C03B}.Release|Any CPU.ActiveCfg = Release|Any CPU
		{7C1AEF49-3E41-47C5-99D8-374B2907C03B}.Release|Any CPU.Build.0 = Release|Any CPU
	EndGlobalSection
	GlobalSection(SolutionProperties) = preSolution
		HideSolutionNode = FALSE
	EndGlobalSection
	GlobalSection(ExtensibilityGlobals) = postSolution
		SolutionGuid = {E25DB8D0-0AB5-4E79-B3EC-E14FC7DA91BB}
	EndGlobalSection
EndGlobal
